// !$*UTF8*$!
{
	archiveVersion = 1;
	classes = {
	};
	objectVersion = 50;
	objects = {

/* Begin PBXBuildFile section */
		3094345E2346250D00040B09 /* AppDelegate.swift in Sources */ = {isa = PBXBuildFile; fileRef = 3094345D2346250D00040B09 /* AppDelegate.swift */; };
		309434602346250D00040B09 /* MainViewController.swift in Sources */ = {isa = PBXBuildFile; fileRef = 3094345F2346250D00040B09 /* MainViewController.swift */; };
		309434632346250D00040B09 /* Main.storyboard in Resources */ = {isa = PBXBuildFile; fileRef = 309434612346250D00040B09 /* Main.storyboard */; };
		309434662346250D00040B09 /* Cocktails.xcdatamodeld in Sources */ = {isa = PBXBuildFile; fileRef = 309434642346250D00040B09 /* Cocktails.xcdatamodeld */; };
		309434682346251100040B09 /* Assets.xcassets in Resources */ = {isa = PBXBuildFile; fileRef = 309434672346251100040B09 /* Assets.xcassets */; };
		3094346B2346251100040B09 /* LaunchScreen.storyboard in Resources */ = {isa = PBXBuildFile; fileRef = 309434692346251100040B09 /* LaunchScreen.storyboard */; };
		309434762346251100040B09 /* CocktailsTests.swift in Sources */ = {isa = PBXBuildFile; fileRef = 309434752346251100040B09 /* CocktailsTests.swift */; };
		309434812346288C00040B09 /* CategoryViewController.swift in Sources */ = {isa = PBXBuildFile; fileRef = 309434802346288B00040B09 /* CategoryViewController.swift */; };
		309434832346291F00040B09 /* CocktailViewController.swift in Sources */ = {isa = PBXBuildFile; fileRef = 309434822346291F00040B09 /* CocktailViewController.swift */; };
		30943485234629A500040B09 /* RestService.swift in Sources */ = {isa = PBXBuildFile; fileRef = 30943484234629A500040B09 /* RestService.swift */; };
		3094348723462BB200040B09 /* RestStructs.swift in Sources */ = {isa = PBXBuildFile; fileRef = 3094348623462BB200040B09 /* RestStructs.swift */; };
		30943489234676A200040B09 /* TableViewCell.swift in Sources */ = {isa = PBXBuildFile; fileRef = 30943488234676A100040B09 /* TableViewCell.swift */; };
		30A942132347808C001FF529 /* RestAgent.swift in Sources */ = {isa = PBXBuildFile; fileRef = 30A942122347808C001FF529 /* RestAgent.swift */; };
		30A9421523478098001FF529 /* Categories.swift in Sources */ = {isa = PBXBuildFile; fileRef = 30A9421423478098001FF529 /* Categories.swift */; };
		30A94217234780A0001FF529 /* Cocktails.swift in Sources */ = {isa = PBXBuildFile; fileRef = 30A94216234780A0001FF529 /* Cocktails.swift */; };
		30A9421923478745001FF529 /* Mocks.swift in Sources */ = {isa = PBXBuildFile; fileRef = 30A9421823478745001FF529 /* Mocks.swift */; };
		30A9421B234789D6001FF529 /* categories.json in Resources */ = {isa = PBXBuildFile; fileRef = 30A9421A234789D6001FF529 /* categories.json */; };
		30A9421D23478A16001FF529 /* cocktails.json in Resources */ = {isa = PBXBuildFile; fileRef = 30A9421C23478A16001FF529 /* cocktails.json */; };
		30A9421F23478DF3001FF529 /* cocktails_ordinary.json in Resources */ = {isa = PBXBuildFile; fileRef = 30A9421E23478DF3001FF529 /* cocktails_ordinary.json */; };
		30A942202347900C001FF529 /* cocktails_ordinary.json in Resources */ = {isa = PBXBuildFile; fileRef = 30A9421E23478DF3001FF529 /* cocktails_ordinary.json */; };
		30A942212347900C001FF529 /* cocktails.json in Resources */ = {isa = PBXBuildFile; fileRef = 30A9421C23478A16001FF529 /* cocktails.json */; };
		30A942222347900C001FF529 /* categories.json in Resources */ = {isa = PBXBuildFile; fileRef = 30A9421A234789D6001FF529 /* categories.json */; };
		30A942242347BD0B001FF529 /* Cache.swift in Sources */ = {isa = PBXBuildFile; fileRef = 30A942232347BD0B001FF529 /* Cache.swift */; };
		30A942272347BDB5001FF529 /* CachedCategory+CoreDataClass.swift in Sources */ = {isa = PBXBuildFile; fileRef = 30A942252347BDB5001FF529 /* CachedCategory+CoreDataClass.swift */; };
		30A942282347BDB5001FF529 /* CachedCategory+CoreDataProperties.swift in Sources */ = {isa = PBXBuildFile; fileRef = 30A942262347BDB5001FF529 /* CachedCategory+CoreDataProperties.swift */; };
		30A942332347CE9F001FF529 /* CachedImage+CoreDataClass.swift in Sources */ = {isa = PBXBuildFile; fileRef = 30A942312347CE9F001FF529 /* CachedImage+CoreDataClass.swift */; };
		30A942342347CE9F001FF529 /* CachedImage+CoreDataProperties.swift in Sources */ = {isa = PBXBuildFile; fileRef = 30A942322347CE9F001FF529 /* CachedImage+CoreDataProperties.swift */; };
		30A942362347D9C7001FF529 /* CocktailError.swift in Sources */ = {isa = PBXBuildFile; fileRef = 30A942352347D9C7001FF529 /* CocktailError.swift */; };
		30A942382347DCFB001FF529 /* README.md in Resources */ = {isa = PBXBuildFile; fileRef = 30A942372347DCFB001FF529 /* README.md */; };
/* End PBXBuildFile section */

/* Begin PBXContainerItemProxy section */
		309434722346251100040B09 /* PBXContainerItemProxy */ = {
			isa = PBXContainerItemProxy;
			containerPortal = 309434522346250D00040B09 /* Project object */;
			proxyType = 1;
			remoteGlobalIDString = 309434592346250D00040B09;
			remoteInfo = Cocktails;
		};
/* End PBXContainerItemProxy section */

/* Begin PBXFileReference section */
		3094345A2346250D00040B09 /* Cocktails.app */ = {isa = PBXFileReference; explicitFileType = wrapper.application; includeInIndex = 0; path = Cocktails.app; sourceTree = BUILT_PRODUCTS_DIR; };
		3094345D2346250D00040B09 /* AppDelegate.swift */ = {isa = PBXFileReference; lastKnownFileType = sourcecode.swift; path = AppDelegate.swift; sourceTree = "<group>"; };
		3094345F2346250D00040B09 /* MainViewController.swift */ = {isa = PBXFileReference; lastKnownFileType = sourcecode.swift; path = MainViewController.swift; sourceTree = "<group>"; };
		309434622346250D00040B09 /* Base */ = {isa = PBXFileReference; lastKnownFileType = file.storyboard; name = Base; path = Base.lproj/Main.storyboard; sourceTree = "<group>"; };
		309434652346250D00040B09 /* Cocktails.xcdatamodel */ = {isa = PBXFileReference; lastKnownFileType = wrapper.xcdatamodel; path = Cocktails.xcdatamodel; sourceTree = "<group>"; };
		309434672346251100040B09 /* Assets.xcassets */ = {isa = PBXFileReference; lastKnownFileType = folder.assetcatalog; path = Assets.xcassets; sourceTree = "<group>"; };
		3094346A2346251100040B09 /* Base */ = {isa = PBXFileReference; lastKnownFileType = file.storyboard; name = Base; path = Base.lproj/LaunchScreen.storyboard; sourceTree = "<group>"; };
		3094346C2346251100040B09 /* Info.plist */ = {isa = PBXFileReference; lastKnownFileType = text.plist.xml; path = Info.plist; sourceTree = "<group>"; };
		309434712346251100040B09 /* CocktailsTests.xctest */ = {isa = PBXFileReference; explicitFileType = wrapper.cfbundle; includeInIndex = 0; path = CocktailsTests.xctest; sourceTree = BUILT_PRODUCTS_DIR; };
		309434752346251100040B09 /* CocktailsTests.swift */ = {isa = PBXFileReference; lastKnownFileType = sourcecode.swift; path = CocktailsTests.swift; sourceTree = "<group>"; };
		309434772346251100040B09 /* Info.plist */ = {isa = PBXFileReference; lastKnownFileType = text.plist.xml; path = Info.plist; sourceTree = "<group>"; };
		309434802346288B00040B09 /* CategoryViewController.swift */ = {isa = PBXFileReference; lastKnownFileType = sourcecode.swift; path = CategoryViewController.swift; sourceTree = "<group>"; };
		309434822346291F00040B09 /* CocktailViewController.swift */ = {isa = PBXFileReference; lastKnownFileType = sourcecode.swift; path = CocktailViewController.swift; sourceTree = "<group>"; };
		30943484234629A500040B09 /* RestService.swift */ = {isa = PBXFileReference; lastKnownFileType = sourcecode.swift; path = RestService.swift; sourceTree = "<group>"; };
		3094348623462BB200040B09 /* RestStructs.swift */ = {isa = PBXFileReference; lastKnownFileType = sourcecode.swift; path = RestStructs.swift; sourceTree = "<group>"; };
		30943488234676A100040B09 /* TableViewCell.swift */ = {isa = PBXFileReference; lastKnownFileType = sourcecode.swift; path = TableViewCell.swift; sourceTree = "<group>"; };
		30A942122347808C001FF529 /* RestAgent.swift */ = {isa = PBXFileReference; lastKnownFileType = sourcecode.swift; path = RestAgent.swift; sourceTree = "<group>"; };
		30A9421423478098001FF529 /* Categories.swift */ = {isa = PBXFileReference; lastKnownFileType = sourcecode.swift; path = Categories.swift; sourceTree = "<group>"; };
		30A94216234780A0001FF529 /* Cocktails.swift */ = {isa = PBXFileReference; lastKnownFileType = sourcecode.swift; path = Cocktails.swift; sourceTree = "<group>"; };
		30A9421823478745001FF529 /* Mocks.swift */ = {isa = PBXFileReference; lastKnownFileType = sourcecode.swift; path = Mocks.swift; sourceTree = "<group>"; };
		30A9421A234789D6001FF529 /* categories.json */ = {isa = PBXFileReference; fileEncoding = 4; lastKnownFileType = text.json; path = categories.json; sourceTree = "<group>"; };
		30A9421C23478A16001FF529 /* cocktails.json */ = {isa = PBXFileReference; fileEncoding = 4; lastKnownFileType = text.json; path = cocktails.json; sourceTree = "<group>"; };
		30A9421E23478DF3001FF529 /* cocktails_ordinary.json */ = {isa = PBXFileReference; fileEncoding = 4; lastKnownFileType = text.json; path = cocktails_ordinary.json; sourceTree = "<group>"; };
		30A942232347BD0B001FF529 /* Cache.swift */ = {isa = PBXFileReference; lastKnownFileType = sourcecode.swift; path = Cache.swift; sourceTree = "<group>"; };
		30A942252347BDB5001FF529 /* CachedCategory+CoreDataClass.swift */ = {isa = PBXFileReference; lastKnownFileType = sourcecode.swift; path = "CachedCategory+CoreDataClass.swift"; sourceTree = "<group>"; };
		30A942262347BDB5001FF529 /* CachedCategory+CoreDataProperties.swift */ = {isa = PBXFileReference; lastKnownFileType = sourcecode.swift; path = "CachedCategory+CoreDataProperties.swift"; sourceTree = "<group>"; };
		30A942312347CE9F001FF529 /* CachedImage+CoreDataClass.swift */ = {isa = PBXFileReference; lastKnownFileType = sourcecode.swift; path = "CachedImage+CoreDataClass.swift"; sourceTree = "<group>"; };
		30A942322347CE9F001FF529 /* CachedImage+CoreDataProperties.swift */ = {isa = PBXFileReference; lastKnownFileType = sourcecode.swift; path = "CachedImage+CoreDataProperties.swift"; sourceTree = "<group>"; };
		30A942352347D9C7001FF529 /* CocktailError.swift */ = {isa = PBXFileReference; lastKnownFileType = sourcecode.swift; path = CocktailError.swift; sourceTree = "<group>"; };
		30A942372347DCFB001FF529 /* README.md */ = {isa = PBXFileReference; fileEncoding = 4; lastKnownFileType = net.daringfireball.markdown; path = README.md; sourceTree = "<group>"; };
/* End PBXFileReference section */

/* Begin PBXFrameworksBuildPhase section */
		309434572346250D00040B09 /* Frameworks */ = {
			isa = PBXFrameworksBuildPhase;
			buildActionMask = 2147483647;
			files = (
			);
			runOnlyForDeploymentPostprocessing = 0;
		};
		3094346E2346251100040B09 /* Frameworks */ = {
			isa = PBXFrameworksBuildPhase;
			buildActionMask = 2147483647;
			files = (
			);
			runOnlyForDeploymentPostprocessing = 0;
		};
/* End PBXFrameworksBuildPhase section */

/* Begin PBXGroup section */
		309434512346250D00040B09 = {
			isa = PBXGroup;
			children = (
				30A942372347DCFB001FF529 /* README.md */,
				3094345C2346250D00040B09 /* Cocktails */,
				309434742346251100040B09 /* CocktailsTests */,
				3094345B2346250D00040B09 /* Products */,
			);
			sourceTree = "<group>";
		};
		3094345B2346250D00040B09 /* Products */ = {
			isa = PBXGroup;
			children = (
				3094345A2346250D00040B09 /* Cocktails.app */,
				309434712346251100040B09 /* CocktailsTests.xctest */,
			);
			name = Products;
			sourceTree = "<group>";
		};
		3094345C2346250D00040B09 /* Cocktails */ = {
			isa = PBXGroup;
			children = (
				3094348C2346874700040B09 /* Model */,
				3094348B2346874100040B09 /* View */,
				3094348A2346873700040B09 /* Controller */,
				3094345D2346250D00040B09 /* AppDelegate.swift */,
				3094346C2346251100040B09 /* Info.plist */,
			);
			path = Cocktails;
			sourceTree = "<group>";
		};
		309434742346251100040B09 /* CocktailsTests */ = {
			isa = PBXGroup;
			children = (
				30A9421E23478DF3001FF529 /* cocktails_ordinary.json */,
				30A9421C23478A16001FF529 /* cocktails.json */,
				30A9421A234789D6001FF529 /* categories.json */,
				309434752346251100040B09 /* CocktailsTests.swift */,
				30A9421823478745001FF529 /* Mocks.swift */,
				309434772346251100040B09 /* Info.plist */,
			);
			path = CocktailsTests;
			sourceTree = "<group>";
		};
		3094348A2346873700040B09 /* Controller */ = {
			isa = PBXGroup;
			children = (
				3094345F2346250D00040B09 /* MainViewController.swift */,
				309434802346288B00040B09 /* CategoryViewController.swift */,
				309434822346291F00040B09 /* CocktailViewController.swift */,
			);
			path = Controller;
			sourceTree = "<group>";
		};
		3094348B2346874100040B09 /* View */ = {
			isa = PBXGroup;
			children = (
				309434612346250D00040B09 /* Main.storyboard */,
				309434672346251100040B09 /* Assets.xcassets */,
				309434692346251100040B09 /* LaunchScreen.storyboard */,
				30943488234676A100040B09 /* TableViewCell.swift */,
			);
			path = View;
			sourceTree = "<group>";
		};
		3094348C2346874700040B09 /* Model */ = {
			isa = PBXGroup;
			children = (
				30943484234629A500040B09 /* RestService.swift */,
				30A942352347D9C7001FF529 /* CocktailError.swift */,
				3094348623462BB200040B09 /* RestStructs.swift */,
				30A942122347808C001FF529 /* RestAgent.swift */,
				30A9421423478098001FF529 /* Categories.swift */,
				30A94216234780A0001FF529 /* Cocktails.swift */,
				309434642346250D00040B09 /* Cocktails.xcdatamodeld */,
				30A942232347BD0B001FF529 /* Cache.swift */,
				30A942252347BDB5001FF529 /* CachedCategory+CoreDataClass.swift */,
				30A942262347BDB5001FF529 /* CachedCategory+CoreDataProperties.swift */,
				30A942312347CE9F001FF529 /* CachedImage+CoreDataClass.swift */,
				30A942322347CE9F001FF529 /* CachedImage+CoreDataProperties.swift */,
			);
			path = Model;
			sourceTree = "<group>";
		};
/* End PBXGroup section */

/* Begin PBXNativeTarget section */
		309434592346250D00040B09 /* Cocktails */ = {
			isa = PBXNativeTarget;
			buildConfigurationList = 3094347A2346251100040B09 /* Build configuration list for PBXNativeTarget "Cocktails" */;
			buildPhases = (
				309434562346250D00040B09 /* Sources */,
				309434572346250D00040B09 /* Frameworks */,
				309434582346250D00040B09 /* Resources */,
			);
			buildRules = (
			);
			dependencies = (
			);
			name = Cocktails;
			productName = Cocktails;
			productReference = 3094345A2346250D00040B09 /* Cocktails.app */;
			productType = "com.apple.product-type.application";
		};
		309434702346251100040B09 /* CocktailsTests */ = {
			isa = PBXNativeTarget;
			buildConfigurationList = 3094347D2346251100040B09 /* Build configuration list for PBXNativeTarget "CocktailsTests" */;
			buildPhases = (
				3094346D2346251100040B09 /* Sources */,
				3094346E2346251100040B09 /* Frameworks */,
				3094346F2346251100040B09 /* Resources */,
			);
			buildRules = (
			);
			dependencies = (
				309434732346251100040B09 /* PBXTargetDependency */,
			);
			name = CocktailsTests;
			productName = CocktailsTests;
			productReference = 309434712346251100040B09 /* CocktailsTests.xctest */;
			productType = "com.apple.product-type.bundle.unit-test";
		};
/* End PBXNativeTarget section */

/* Begin PBXProject section */
		309434522346250D00040B09 /* Project object */ = {
			isa = PBXProject;
			attributes = {
				LastSwiftUpdateCheck = 1020;
				LastUpgradeCheck = 1020;
				ORGANIZATIONNAME = tomaszpaluch;
				TargetAttributes = {
					309434592346250D00040B09 = {
						CreatedOnToolsVersion = 10.2.1;
					};
					309434702346251100040B09 = {
						CreatedOnToolsVersion = 10.2.1;
						TestTargetID = 309434592346250D00040B09;
					};
				};
			};
			buildConfigurationList = 309434552346250D00040B09 /* Build configuration list for PBXProject "Cocktails" */;
			compatibilityVersion = "Xcode 9.3";
			developmentRegion = en;
			hasScannedForEncodings = 0;
			knownRegions = (
				en,
				Base,
			);
			mainGroup = 309434512346250D00040B09;
			productRefGroup = 3094345B2346250D00040B09 /* Products */;
			projectDirPath = "";
			projectRoot = "";
			targets = (
				309434592346250D00040B09 /* Cocktails */,
				309434702346251100040B09 /* CocktailsTests */,
			);
		};
/* End PBXProject section */

/* Begin PBXResourcesBuildPhase section */
		309434582346250D00040B09 /* Resources */ = {
			isa = PBXResourcesBuildPhase;
			buildActionMask = 2147483647;
			files = (
				30A942202347900C001FF529 /* cocktails_ordinary.json in Resources */,
				30A942212347900C001FF529 /* cocktails.json in Resources */,
				30A942222347900C001FF529 /* categories.json in Resources */,
				30A942382347DCFB001FF529 /* README.md in Resources */,
				3094346B2346251100040B09 /* LaunchScreen.storyboard in Resources */,
				309434682346251100040B09 /* Assets.xcassets in Resources */,
				309434632346250D00040B09 /* Main.storyboard in Resources */,
			);
			runOnlyForDeploymentPostprocessing = 0;
		};
		3094346F2346251100040B09 /* Resources */ = {
			isa = PBXResourcesBuildPhase;
			buildActionMask = 2147483647;
			files = (
				30A9421B234789D6001FF529 /* categories.json in Resources */,
				30A9421D23478A16001FF529 /* cocktails.json in Resources */,
				30A9421F23478DF3001FF529 /* cocktails_ordinary.json in Resources */,
			);
			runOnlyForDeploymentPostprocessing = 0;
		};
/* End PBXResourcesBuildPhase section */

/* Begin PBXSourcesBuildPhase section */
		309434562346250D00040B09 /* Sources */ = {
			isa = PBXSourcesBuildPhase;
			buildActionMask = 2147483647;
			files = (
				309434812346288C00040B09 /* CategoryViewController.swift in Sources */,
				30A942332347CE9F001FF529 /* CachedImage+CoreDataClass.swift in Sources */,
				30A942362347D9C7001FF529 /* CocktailError.swift in Sources */,
				30A942282347BDB5001FF529 /* CachedCategory+CoreDataProperties.swift in Sources */,
				30943489234676A200040B09 /* TableViewCell.swift in Sources */,
				309434602346250D00040B09 /* MainViewController.swift in Sources */,
				30A942342347CE9F001FF529 /* CachedImage+CoreDataProperties.swift in Sources */,
				30A94217234780A0001FF529 /* Cocktails.swift in Sources */,
				309434662346250D00040B09 /* Cocktails.xcdatamodeld in Sources */,
				309434832346291F00040B09 /* CocktailViewController.swift in Sources */,
				30A9421523478098001FF529 /* Categories.swift in Sources */,
				3094345E2346250D00040B09 /* AppDelegate.swift in Sources */,
				30A942132347808C001FF529 /* RestAgent.swift in Sources */,
				3094348723462BB200040B09 /* RestStructs.swift in Sources */,
				30A942272347BDB5001FF529 /* CachedCategory+CoreDataClass.swift in Sources */,
				30A942242347BD0B001FF529 /* Cache.swift in Sources */,
				30943485234629A500040B09 /* RestService.swift in Sources */,
			);
			runOnlyForDeploymentPostprocessing = 0;
		};
		3094346D2346251100040B09 /* Sources */ = {
			isa = PBXSourcesBuildPhase;
			buildActionMask = 2147483647;
			files = (
				309434762346251100040B09 /* CocktailsTests.swift in Sources */,
				30A9421923478745001FF529 /* Mocks.swift in Sources */,
			);
			runOnlyForDeploymentPostprocessing = 0;
		};
/* End PBXSourcesBuildPhase section */

/* Begin PBXTargetDependency section */
		309434732346251100040B09 /* PBXTargetDependency */ = {
			isa = PBXTargetDependency;
			target = 309434592346250D00040B09 /* Cocktails */;
			targetProxy = 309434722346251100040B09 /* PBXContainerItemProxy */;
		};
/* End PBXTargetDependency section */

/* Begin PBXVariantGroup section */
		309434612346250D00040B09 /* Main.storyboard */ = {
			isa = PBXVariantGroup;
			children = (
				309434622346250D00040B09 /* Base */,
			);
			name = Main.storyboard;
			sourceTree = "<group>";
		};
		309434692346251100040B09 /* LaunchScreen.storyboard */ = {
			isa = PBXVariantGroup;
			children = (
				3094346A2346251100040B09 /* Base */,
			);
			name = LaunchScreen.storyboard;
			sourceTree = "<group>";
		};
/* End PBXVariantGroup section */

/* Begin XCBuildConfiguration section */
		309434782346251100040B09 /* Debug */ = {
			isa = XCBuildConfiguration;
			buildSettings = {
				ALWAYS_SEARCH_USER_PATHS = NO;
				CLANG_ANALYZER_NONNULL = YES;
				CLANG_ANALYZER_NUMBER_OBJECT_CONVERSION = YES_AGGRESSIVE;
				CLANG_CXX_LANGUAGE_STANDARD = "gnu++14";
				CLANG_CXX_LIBRARY = "libc++";
				CLANG_ENABLE_MODULES = YES;
				CLANG_ENABLE_OBJC_ARC = YES;
				CLANG_ENABLE_OBJC_WEAK = YES;
				CLANG_WARN_BLOCK_CAPTURE_AUTORELEASING = YES;
				CLANG_WARN_BOOL_CONVERSION = YES;
				CLANG_WARN_COMMA = YES;
				CLANG_WARN_CONSTANT_CONVERSION = YES;
				CLANG_WARN_DEPRECATED_OBJC_IMPLEMENTATIONS = YES;
				CLANG_WARN_DIRECT_OBJC_ISA_USAGE = YES_ERROR;
				CLANG_WARN_DOCUMENTATION_COMMENTS = YES;
				CLANG_WARN_EMPTY_BODY = YES;
				CLANG_WARN_ENUM_CONVERSION = YES;
				CLANG_WARN_INFINITE_RECURSION = YES;
				CLANG_WARN_INT_CONVERSION = YES;
				CLANG_WARN_NON_LITERAL_NULL_CONVERSION = YES;
				CLANG_WARN_OBJC_IMPLICIT_RETAIN_SELF = YES;
				CLANG_WARN_OBJC_LITERAL_CONVERSION = YES;
				CLANG_WARN_OBJC_ROOT_CLASS = YES_ERROR;
				CLANG_WARN_RANGE_LOOP_ANALYSIS = YES;
				CLANG_WARN_STRICT_PROTOTYPES = YES;
				CLANG_WARN_SUSPICIOUS_MOVE = YES;
				CLANG_WARN_UNGUARDED_AVAILABILITY = YES_AGGRESSIVE;
				CLANG_WARN_UNREACHABLE_CODE = YES;
				CLANG_WARN__DUPLICATE_METHOD_MATCH = YES;
				CODE_SIGN_IDENTITY = "iPhone Developer";
				COPY_PHASE_STRIP = NO;
				DEBUG_INFORMATION_FORMAT = dwarf;
				ENABLE_STRICT_OBJC_MSGSEND = YES;
				ENABLE_TESTABILITY = YES;
				GCC_C_LANGUAGE_STANDARD = gnu11;
				GCC_DYNAMIC_NO_PIC = NO;
				GCC_NO_COMMON_BLOCKS = YES;
				GCC_OPTIMIZATION_LEVEL = 0;
				GCC_PREPROCESSOR_DEFINITIONS = (
					"DEBUG=1",
					"$(inherited)",
				);
				GCC_WARN_64_TO_32_BIT_CONVERSION = YES;
				GCC_WARN_ABOUT_RETURN_TYPE = YES_ERROR;
				GCC_WARN_UNDECLARED_SELECTOR = YES;
				GCC_WARN_UNINITIALIZED_AUTOS = YES_AGGRESSIVE;
				GCC_WARN_UNUSED_FUNCTION = YES;
				GCC_WARN_UNUSED_VARIABLE = YES;
				IPHONEOS_DEPLOYMENT_TARGET = 12.2;
				MTL_ENABLE_DEBUG_INFO = INCLUDE_SOURCE;
				MTL_FAST_MATH = YES;
				ONLY_ACTIVE_ARCH = YES;
				SDKROOT = iphoneos;
				SWIFT_ACTIVE_COMPILATION_CONDITIONS = DEBUG;
				SWIFT_OPTIMIZATION_LEVEL = "-Onone";
			};
			name = Debug;
		};
		309434792346251100040B09 /* Release */ = {
			isa = XCBuildConfiguration;
			buildSettings = {
				ALWAYS_SEARCH_USER_PATHS = NO;
				CLANG_ANALYZER_NONNULL = YES;
				CLANG_ANALYZER_NUMBER_OBJECT_CONVERSION = YES_AGGRESSIVE;
				CLANG_CXX_LANGUAGE_STANDARD = "gnu++14";
				CLANG_CXX_LIBRARY = "libc++";
				CLANG_ENABLE_MODULES = YES;
				CLANG_ENABLE_OBJC_ARC = YES;
				CLANG_ENABLE_OBJC_WEAK = YES;
				CLANG_WARN_BLOCK_CAPTURE_AUTORELEASING = YES;
				CLANG_WARN_BOOL_CONVERSION = YES;
				CLANG_WARN_COMMA = YES;
				CLANG_WARN_CONSTANT_CONVERSION = YES;
				CLANG_WARN_DEPRECATED_OBJC_IMPLEMENTATIONS = YES;
				CLANG_WARN_DIRECT_OBJC_ISA_USAGE = YES_ERROR;
				CLANG_WARN_DOCUMENTATION_COMMENTS = YES;
				CLANG_WARN_EMPTY_BODY = YES;
				CLANG_WARN_ENUM_CONVERSION = YES;
				CLANG_WARN_INFINITE_RECURSION = YES;
				CLANG_WARN_INT_CONVERSION = YES;
				CLANG_WARN_NON_LITERAL_NULL_CONVERSION = YES;
				CLANG_WARN_OBJC_IMPLICIT_RETAIN_SELF = YES;
				CLANG_WARN_OBJC_LITERAL_CONVERSION = YES;
				CLANG_WARN_OBJC_ROOT_CLASS = YES_ERROR;
				CLANG_WARN_RANGE_LOOP_ANALYSIS = YES;
				CLANG_WARN_STRICT_PROTOTYPES = YES;
				CLANG_WARN_SUSPICIOUS_MOVE = YES;
				CLANG_WARN_UNGUARDED_AVAILABILITY = YES_AGGRESSIVE;
				CLANG_WARN_UNREACHABLE_CODE = YES;
				CLANG_WARN__DUPLICATE_METHOD_MATCH = YES;
				CODE_SIGN_IDENTITY = "iPhone Developer";
				COPY_PHASE_STRIP = NO;
				DEBUG_INFORMATION_FORMAT = "dwarf-with-dsym";
				ENABLE_NS_ASSERTIONS = NO;
				ENABLE_STRICT_OBJC_MSGSEND = YES;
				GCC_C_LANGUAGE_STANDARD = gnu11;
				GCC_NO_COMMON_BLOCKS = YES;
				GCC_WARN_64_TO_32_BIT_CONVERSION = YES;
				GCC_WARN_ABOUT_RETURN_TYPE = YES_ERROR;
				GCC_WARN_UNDECLARED_SELECTOR = YES;
				GCC_WARN_UNINITIALIZED_AUTOS = YES_AGGRESSIVE;
				GCC_WARN_UNUSED_FUNCTION = YES;
				GCC_WARN_UNUSED_VARIABLE = YES;
				IPHONEOS_DEPLOYMENT_TARGET = 12.2;
				MTL_ENABLE_DEBUG_INFO = NO;
				MTL_FAST_MATH = YES;
				SDKROOT = iphoneos;
				SWIFT_COMPILATION_MODE = wholemodule;
				SWIFT_OPTIMIZATION_LEVEL = "-O";
				VALIDATE_PRODUCT = YES;
			};
			name = Release;
		};
		3094347B2346251100040B09 /* Debug */ = {
			isa = XCBuildConfiguration;
			buildSettings = {
				ASSETCATALOG_COMPILER_APPICON_NAME = AppIcon;
				CODE_SIGN_STYLE = Automatic;
				INFOPLIST_FILE = Cocktails/Info.plist;
				IPHONEOS_DEPLOYMENT_TARGET = 10.0;
				LD_RUNPATH_SEARCH_PATHS = (
					"$(inherited)",
					"@executable_path/Frameworks",
				);
				PRODUCT_BUNDLE_IDENTIFIER = com.Cocktails;
				PRODUCT_NAME = "$(TARGET_NAME)";
				SWIFT_VERSION = 5.0;
				TARGETED_DEVICE_FAMILY = "1,2";
			};
			name = Debug;
		};
		3094347C2346251100040B09 /* Release */ = {
			isa = XCBuildConfiguration;
			buildSettings = {
				ASSETCATALOG_COMPILER_APPICON_NAME = AppIcon;
				CODE_SIGN_STYLE = Automatic;
				INFOPLIST_FILE = Cocktails/Info.plist;
				IPHONEOS_DEPLOYMENT_TARGET = 10.0;
				LD_RUNPATH_SEARCH_PATHS = (
					"$(inherited)",
					"@executable_path/Frameworks",
				);
				PRODUCT_BUNDLE_IDENTIFIER = com.Cocktails;
				PRODUCT_NAME = "$(TARGET_NAME)";
				SWIFT_VERSION = 5.0;
				TARGETED_DEVICE_FAMILY = "1,2";
			};
			name = Release;
		};
		3094347E2346251100040B09 /* Debug */ = {
			isa = XCBuildConfiguration;
			buildSettings = {
				ALWAYS_EMBED_SWIFT_STANDARD_LIBRARIES = YES;
				BUNDLE_LOADER = "$(TEST_HOST)";
				CODE_SIGN_STYLE = Automatic;
				INFOPLIST_FILE = CocktailsTests/Info.plist;
				LD_RUNPATH_SEARCH_PATHS = (
					"$(inherited)",
					"@executable_path/Frameworks",
					"@loader_path/Frameworks",
				);
				PRODUCT_BUNDLE_IDENTIFIER = com.CocktailsTests;
				PRODUCT_NAME = "$(TARGET_NAME)";
				SWIFT_VERSION = 5.0;
				TARGETED_DEVICE_FAMILY = "1,2";
				TEST_HOST = "$(BUILT_PRODUCTS_DIR)/Cocktails.app/Cocktails";
			};
			name = Debug;
		};
		3094347F2346251100040B09 /* Release */ = {
			isa = XCBuildConfiguration;
			buildSettings = {
				ALWAYS_EMBED_SWIFT_STANDARD_LIBRARIES = YES;
				BUNDLE_LOADER = "$(TEST_HOST)";
				CODE_SIGN_STYLE = Automatic;
				INFOPLIST_FILE = CocktailsTests/Info.plist;
				LD_RUNPATH_SEARCH_PATHS = (
					"$(inherited)",
					"@executable_path/Frameworks",
					"@loader_path/Frameworks",
				);
				PRODUCT_BUNDLE_IDENTIFIER = com.CocktailsTests;
				PRODUCT_NAME = "$(TARGET_NAME)";
				SWIFT_VERSION = 5.0;
				TARGETED_DEVICE_FAMILY = "1,2";
				TEST_HOST = "$(BUILT_PRODUCTS_DIR)/Cocktails.app/Cocktails";
			};
			name = Release;
		};
/* End XCBuildConfiguration section */

/* Begin XCConfigurationList section */
		309434552346250D00040B09 /* Build configuration list for PBXProject "Cocktails" */ = {
			isa = XCConfigurationList;
			buildConfigurations = (
				309434782346251100040B09 /* Debug */,
				309434792346251100040B09 /* Release */,
			);
			defaultConfigurationIsVisible = 0;
			defaultConfigurationName = Release;
		};
		3094347A2346251100040B09 /* Build configuration list for PBXNativeTarget "Cocktails" */ = {
			isa = XCConfigurationList;
			buildConfigurations = (
				3094347B2346251100040B09 /* Debug */,
				3094347C2346251100040B09 /* Release */,
			);
			defaultConfigurationIsVisible = 0;
			defaultConfigurationName = Release;
		};
		3094347D2346251100040B09 /* Build configuration list for PBXNativeTarget "CocktailsTests" */ = {
			isa = XCConfigurationList;
			buildConfigurations = (
				3094347E2346251100040B09 /* Debug */,
				3094347F2346251100040B09 /* Release */,
			);
			defaultConfigurationIsVisible = 0;
			defaultConfigurationName = Release;
		};
/* End XCConfigurationList section */

/* Begin XCVersionGroup section */
		309434642346250D00040B09 /* Cocktails.xcdatamodeld */ = {
			isa = XCVersionGroup;
			children = (
				309434652346250D00040B09 /* Cocktails.xcdatamodel */,
			);
			currentVersion = 309434652346250D00040B09 /* Cocktails.xcdatamodel */;
			path = Cocktails.xcdatamodeld;
			sourceTree = "<group>";
			versionGroupType = wrapper.xcdatamodel;
		};
/* End XCVersionGroup section */
	};
	rootObject = 309434522346250D00040B09 /* Project object */;
}
